
Microsoft Visual Studio Solution File, Format Version 12.00
# Visual Studio Version 16
VisualStudioVersion = 16.0.30330.147
MinimumVisualStudioVersion = 10.0.40219.1
Project("{9A19103F-16F7-4668-BE54-9A1E7A4F7556}") = "Crossfire", "src\Crossfire\Crossfire.csproj", "{E80F98CE-FFB4-44F1-B0C1-B49DE19EC6E4}"
EndProject
Project("{9A19103F-16F7-4668-BE54-9A1E7A4F7556}") = "CrossfireXUnit", "test\CrossfireXUnit\CrossfireXUnit.csproj", "{F7CCE8FE-533D-45F5-B21A-094F48399493}"
EndProject
Global
	GlobalSection(SolutionConfigurationPlatforms) = preSolution
		Debug|Any CPU = Debug|Any CPU
		Release|Any CPU = Release|Any CPU
	EndGlobalSection
	GlobalSection(ProjectConfigurationPlatforms) = postSolution
		{E80F98CE-FFB4-44F1-B0C1-B49DE19EC6E4}.Debug|Any CPU.ActiveCfg = Debug|Any CPU
		{E80F98CE-FFB4-44F1-B0C1-B49DE19EC6E4}.Debug|Any CPU.Build.0 = Debug|Any CPU
		{E80F98CE-FFB4-44F1-B0C1-B49DE19EC6E4}.Release|Any CPU.ActiveCfg = Release|Any CPU
		{E80F98CE-FFB4-44F1-B0C1-B49DE19EC6E4}.Release|Any CPU.Build.0 = Release|Any CPU
		{F7CCE8FE-533D-45F5-B21A-094F48399493}.Debug|Any CPU.ActiveCfg = Debug|Any CPU
		{F7CCE8FE-533D-45F5-B21A-094F48399493}.Debug|Any CPU.Build.0 = Debug|Any CPU
		{F7CCE8FE-533D-45F5-B21A-094F48399493}.Release|Any CPU.ActiveCfg = Release|Any CPU
		{F7CCE8FE-533D-45F5-B21A-094F48399493}.Release|Any CPU.Build.0 = Release|Any CPU
	EndGlobalSection
	GlobalSection(SolutionProperties) = preSolution
		HideSolutionNode = FALSE
	EndGlobalSection
	GlobalSection(ExtensibilityGlobals) = postSolution
		SolutionGuid = {5368D66E-D677-4974-8B09-CA7BE2A7199F}
	EndGlobalSection
EndGlobal
